
Microsoft Visual Studio Solution File, Format Version 12.00
Project("{FAE04EC0-301F-11D3-BF4B-00C04F79EFBC}") = "Calculator.App", "Calculator.App\Calculator.App.csproj", "{7237A729-9854-43B0-83E0-C9735321554C}"
EndProject
Project("{FAE04EC0-301F-11D3-BF4B-00C04F79EFBC}") = "Calculator.Library", "Calculator.Library\Calculator.Library.csproj", "{65A75E83-CA83-48B6-A2C8-10160E2676AE}"
EndProject
Project("{FAE04EC0-301F-11D3-BF4B-00C04F79EFBC}") = "Calculator.Library.Test", "Calculator.Library.Test\Calculator.Library.Test.csproj", "{EBB812E2-7678-4A34-9CC2-215C7B23CCE7}"
EndProject
Project("{FAE04EC0-301F-11D3-BF4B-00C04F79EFBC}") = "Employees.Library", "Employees.Library\Employees.Library.csproj", "{E7F9A222-D239-4BDC-8461-FAEB5B2E4CFE}"
EndProject
Project("{FAE04EC0-301F-11D3-BF4B-00C04F79EFBC}") = "Employees.Test", "Employees.Test\Employees.Test.csproj", "{C0B17185-E27B-4B91-88C1-50586CF77FB2}"
EndProject
Project("{FAE04EC0-301F-11D3-BF4B-00C04F79EFBC}") = "Calculator.Library.Area", "Calculator.Library.Area\Calculator.Library.Area.csproj", "{8CF6A2D9-6984-4528-83AF-EB4ECE146A0A}"
EndProject
Project("{FAE04EC0-301F-11D3-BF4B-00C04F79EFBC}") = "Calculator.Library.Area.Test", "Calculator.Library.Area.Test\Calculator.Library.Area.Test.csproj", "{6615B597-BA9A-48AF-AA23-5034C4997A7B}"
EndProject
Global
	GlobalSection(SolutionConfigurationPlatforms) = preSolution
		Debug|Any CPU = Debug|Any CPU
		Release|Any CPU = Release|Any CPU
	EndGlobalSection
	GlobalSection(ProjectConfigurationPlatforms) = postSolution
		{7237A729-9854-43B0-83E0-C9735321554C}.Debug|Any CPU.ActiveCfg = Debug|Any CPU
		{7237A729-9854-43B0-83E0-C9735321554C}.Debug|Any CPU.Build.0 = Debug|Any CPU
		{7237A729-9854-43B0-83E0-C9735321554C}.Release|Any CPU.ActiveCfg = Release|Any CPU
		{7237A729-9854-43B0-83E0-C9735321554C}.Release|Any CPU.Build.0 = Release|Any CPU
		{65A75E83-CA83-48B6-A2C8-10160E2676AE}.Debug|Any CPU.ActiveCfg = Debug|Any CPU
		{65A75E83-CA83-48B6-A2C8-10160E2676AE}.Debug|Any CPU.Build.0 = Debug|Any CPU
		{65A75E83-CA83-48B6-A2C8-10160E2676AE}.Release|Any CPU.ActiveCfg = Release|Any CPU
		{65A75E83-CA83-48B6-A2C8-10160E2676AE}.Release|Any CPU.Build.0 = Release|Any CPU
		{EBB812E2-7678-4A34-9CC2-215C7B23CCE7}.Debug|Any CPU.ActiveCfg = Debug|Any CPU
		{EBB812E2-7678-4A34-9CC2-215C7B23CCE7}.Debug|Any CPU.Build.0 = Debug|Any CPU
		{EBB812E2-7678-4A34-9CC2-215C7B23CCE7}.Release|Any CPU.ActiveCfg = Release|Any CPU
		{EBB812E2-7678-4A34-9CC2-215C7B23CCE7}.Release|Any CPU.Build.0 = Release|Any CPU
		{E7F9A222-D239-4BDC-8461-FAEB5B2E4CFE}.Debug|Any CPU.ActiveCfg = Debug|Any CPU
		{E7F9A222-D239-4BDC-8461-FAEB5B2E4CFE}.Debug|Any CPU.Build.0 = Debug|Any CPU
		{E7F9A222-D239-4BDC-8461-FAEB5B2E4CFE}.Release|Any CPU.ActiveCfg = Release|Any CPU
		{E7F9A222-D239-4BDC-8461-FAEB5B2E4CFE}.Release|Any CPU.Build.0 = Release|Any CPU
		{C0B17185-E27B-4B91-88C1-50586CF77FB2}.Debug|Any CPU.ActiveCfg = Debug|Any CPU
		{C0B17185-E27B-4B91-88C1-50586CF77FB2}.Debug|Any CPU.Build.0 = Debug|Any CPU
		{C0B17185-E27B-4B91-88C1-50586CF77FB2}.Release|Any CPU.ActiveCfg = Release|Any CPU
		{C0B17185-E27B-4B91-88C1-50586CF77FB2}.Release|Any CPU.Build.0 = Release|Any CPU
		{8CF6A2D9-6984-4528-83AF-EB4ECE146A0A}.Debug|Any CPU.ActiveCfg = Debug|Any CPU
		{8CF6A2D9-6984-4528-83AF-EB4ECE146A0A}.Debug|Any CPU.Build.0 = Debug|Any CPU
		{8CF6A2D9-6984-4528-83AF-EB4ECE146A0A}.Release|Any CPU.ActiveCfg = Release|Any CPU
		{8CF6A2D9-6984-4528-83AF-EB4ECE146A0A}.Release|Any CPU.Build.0 = Release|Any CPU
		{6615B597-BA9A-48AF-AA23-5034C4997A7B}.Debug|Any CPU.ActiveCfg = Debug|Any CPU
		{6615B597-BA9A-48AF-AA23-5034C4997A7B}.Debug|Any CPU.Build.0 = Debug|Any CPU
		{6615B597-BA9A-48AF-AA23-5034C4997A7B}.Release|Any CPU.ActiveCfg = Release|Any CPU
		{6615B597-BA9A-48AF-AA23-5034C4997A7B}.Release|Any CPU.Build.0 = Release|Any CPU
	EndGlobalSection
EndGlobal
